
Microsoft Visual Studio Solution File, Format Version 12.00
# Visual Studio Version 16
VisualStudioVersion = 16.0.30320.27
MinimumVisualStudioVersion = 10.0.40219.1
Project("{FAE04EC0-301F-11D3-BF4B-00C04F79EFBC}") = "EthernetMonitor", "EthernetMonitor\EthernetMonitor.csproj", "{21C9A621-9016-4F7B-A290-09D3191CB5D1}"
EndProject
Project("{2150E333-8FDC-42A3-9474-1A3956D46DE8}") = "Solution Items", "Solution Items", "{01D7D04A-FDAA-4C8B-9AE7-B0DD73FEED71}"
	ProjectSection(SolutionItems) = preProject
		.editorconfig = .editorconfig
	EndProjectSection
EndProject
Global
	GlobalSection(SolutionConfigurationPlatforms) = preSolution
		Debug|Any CPU = Debug|Any CPU
		Release|Any CPU = Release|Any CPU
	EndGlobalSection
	GlobalSection(ProjectConfigurationPlatforms) = postSolution
		{21C9A621-9016-4F7B-A290-09D3191CB5D1}.Debug|Any CPU.ActiveCfg = Debug|Any CPU
		{21C9A621-9016-4F7B-A290-09D3191CB5D1}.Debug|Any CPU.Build.0 = Debug|Any CPU
		{21C9A621-9016-4F7B-A290-09D3191CB5D1}.Release|Any CPU.ActiveCfg = Release|Any CPU
		{21C9A621-9016-4F7B-A290-09D3191CB5D1}.Release|Any CPU.Build.0 = Release|Any CPU
	EndGlobalSection
	GlobalSection(SolutionProperties) = preSolution
		HideSolutionNode = FALSE
	EndGlobalSection
	GlobalSection(ExtensibilityGlobals) = postSolution
		SolutionGuid = {A769C157-619B-48E9-BB47-EB85648C49F9}
	EndGlobalSection
EndGlobal
